// !$*UTF8*$!
{
	archiveVersion = 1;
	classes = {
	};
	objectVersion = 46;
	objects = {

/* Begin PBXBuildFile section */
		840374961CEDCA5700462602 /* CreateNewFeedbackViewController.m in Sources */ = {isa = PBXBuildFile; fileRef = 840374951CEDCA5700462602 /* CreateNewFeedbackViewController.m */; };
		840374991CEDFB8700462602 /* CreateNewMOMViewController.m in Sources */ = {isa = PBXBuildFile; fileRef = 840374981CEDFB8700462602 /* CreateNewMOMViewController.m */; };
		8411D4D71CF637D800EAACB6 /* DetailChatingViewController.m in Sources */ = {isa = PBXBuildFile; fileRef = 8411D4D61CF637D800EAACB6 /* DetailChatingViewController.m */; };
		84196B871CD6269800F46A42 /* UserPermission.m in Sources */ = {isa = PBXBuildFile; fileRef = 84196B861CD6269800F46A42 /* UserPermission.m */; };
		84196B8A1CD6273600F46A42 /* userRoll.m in Sources */ = {isa = PBXBuildFile; fileRef = 84196B891CD6273600F46A42 /* userRoll.m */; };
		84196B8D1CD62A2A00F46A42 /* Status.m in Sources */ = {isa = PBXBuildFile; fileRef = 84196B8C1CD62A2A00F46A42 /* Status.m */; };
		84196B901CD62CB000F46A42 /* City.m in Sources */ = {isa = PBXBuildFile; fileRef = 84196B8F1CD62CB000F46A42 /* City.m */; };
		84196B931CD62D5200F46A42 /* ComapnyProfile.m in Sources */ = {isa = PBXBuildFile; fileRef = 84196B921CD62D5200F46A42 /* ComapnyProfile.m */; };
		84196B961CD62E3B00F46A42 /* Customer.m in Sources */ = {isa = PBXBuildFile; fileRef = 84196B951CD62E3B00F46A42 /* Customer.m */; };
		84196B991CD62FDB00F46A42 /* departmentPermission.m in Sources */ = {isa = PBXBuildFile; fileRef = 84196B981CD62FDB00F46A42 /* departmentPermission.m */; };
		84196B9C1CD6303700F46A42 /* departmentTable.m in Sources */ = {isa = PBXBuildFile; fileRef = 84196B9B1CD6303700F46A42 /* departmentTable.m */; };
		84196B9F1CD6306A00F46A42 /* dropboxReport.m in Sources */ = {isa = PBXBuildFile; fileRef = 84196B9E1CD6306A00F46A42 /* dropboxReport.m */; };
		84196BA21CD630D400F46A42 /* Mom.m in Sources */ = {isa = PBXBuildFile; fileRef = 84196BA11CD630D400F46A42 /* Mom.m */; };
		84196BA51CD6316500F46A42 /* Permission.m in Sources */ = {isa = PBXBuildFile; fileRef = 84196BA41CD6316500F46A42 /* Permission.m */; };
		84196BA81CD631C300F46A42 /* Products.m in Sources */ = {isa = PBXBuildFile; fileRef = 84196BA71CD631C300F46A42 /* Products.m */; };
		84196BAB1CD6330700F46A42 /* Unit.m in Sources */ = {isa = PBXBuildFile; fileRef = 84196BAA1CD6330700F46A42 /* Unit.m */; };
		84196BAE1CD6336F00F46A42 /* UserdepartmentRole.m in Sources */ = {isa = PBXBuildFile; fileRef = 84196BAD1CD6336F00F46A42 /* UserdepartmentRole.m */; };
		84196BB11CD6342C00F46A42 /* UserPermissionCompany.m in Sources */ = {isa = PBXBuildFile; fileRef = 84196BB01CD6342C00F46A42 /* UserPermissionCompany.m */; };
		841B1F811CFF36550038378A /* CompanyRelatedFeedQueryCounter.m in Sources */ = {isa = PBXBuildFile; fileRef = 841B1F801CFF36550038378A /* CompanyRelatedFeedQueryCounter.m */; };
		841F6D1B1C9D4BEC0082F7BE /* main.m in Sources */ = {isa = PBXBuildFile; fileRef = 841F6D1A1C9D4BEC0082F7BE /* main.m */; };
		841F6D1E1C9D4BEC0082F7BE /* AppDelegate.m in Sources */ = {isa = PBXBuildFile; fileRef = 841F6D1D1C9D4BEC0082F7BE /* AppDelegate.m */; };
		841F6D211C9D4BEC0082F7BE /* LoginViewController.m in Sources */ = {isa = PBXBuildFile; fileRef = 841F6D201C9D4BEC0082F7BE /* LoginViewController.m */; };
		841F6D291C9D4BEC0082F7BE /* LaunchScreen.storyboard in Resources */ = {isa = PBXBuildFile; fileRef = 841F6D271C9D4BEC0082F7BE /* LaunchScreen.storyboard */; };
		841F6D341C9D4BEC0082F7BE /* CommunicatorTests.m in Sources */ = {isa = PBXBuildFile; fileRef = 841F6D331C9D4BEC0082F7BE /* CommunicatorTests.m */; };
		841F6D3F1C9D4BEC0082F7BE /* CommunicatorUITests.m in Sources */ = {isa = PBXBuildFile; fileRef = 841F6D3E1C9D4BEC0082F7BE /* CommunicatorUITests.m */; };
		842784E61CBB7E6C0072893C /* Settings.plist in Resources */ = {isa = PBXBuildFile; fileRef = 842784E51CBB7E6C0072893C /* Settings.plist */; };
		842B365C1CAA5282003D83D9 /* FeedcomQuerycomViewController.m in Sources */ = {isa = PBXBuildFile; fileRef = 842B365B1CAA5282003D83D9 /* FeedcomQuerycomViewController.m */; };
		842BF6581CF467CE00613E29 /* ReportAndDocsViewController.m in Sources */ = {isa = PBXBuildFile; fileRef = 842BF6571CF467CE00613E29 /* ReportAndDocsViewController.m */; };
		8432AD901CE467550011EF29 /* CompanyNamesViewController.m in Sources */ = {isa = PBXBuildFile; fileRef = 8432AD8F1CE467550011EF29 /* CompanyNamesViewController.m */; };
		8434F0BA1CFDB341003C56D7 /* CompanyFeedbackTypeAssociation.m in Sources */ = {isa = PBXBuildFile; fileRef = 8434F0B91CFDB341003C56D7 /* CompanyFeedbackTypeAssociation.m */; };
		844177301CA56D7900C850B0 /* libsqlite3.tbd in Frameworks */ = {isa = PBXBuildFile; fileRef = 8441772F1CA56D7900C850B0 /* libsqlite3.tbd */; };
		844177331CA5749E00C850B0 /* Communicator_DB.sqlite in Resources */ = {isa = PBXBuildFile; fileRef = 844177321CA5749E00C850B0 /* Communicator_DB.sqlite */; };
		8446231A1CB398B6007CC831 /* SWRevealViewController.m in Sources */ = {isa = PBXBuildFile; fileRef = 844623191CB398B6007CC831 /* SWRevealViewController.m */; };
		8446231D1CB3A0BD007CC831 /* SWMenuViewController.m in Sources */ = {isa = PBXBuildFile; fileRef = 8446231C1CB3A0BD007CC831 /* SWMenuViewController.m */; };
		844623201CB3A532007CC831 /* Main.storyboard in Resources */ = {isa = PBXBuildFile; fileRef = 8446231E1CB3A532007CC831 /* Main.storyboard */; };
		844B754C1D0454CF00052698 /* CounterGraph.m in Sources */ = {isa = PBXBuildFile; fileRef = 844B754B1D0454CF00052698 /* CounterGraph.m */; };
		844C513B1CA123E3001B4591 /* CALayer+BorderColor.m in Sources */ = {isa = PBXBuildFile; fileRef = 844C513A1CA123E3001B4591 /* CALayer+BorderColor.m */; settings = {COMPILER_FLAGS = "-fno-objc-arc"; }; };
		844C89611CB0F9AB00AA0B52 /* MBProgressHUD.m in Sources */ = {isa = PBXBuildFile; fileRef = 844C89551CB0F9AB00AA0B52 /* MBProgressHUD.m */; };
		844C89621CB0F9AB00AA0B52 /* Base64Transcoder.m in Sources */ = {isa = PBXBuildFile; fileRef = 844C89581CB0F9AB00AA0B52 /* Base64Transcoder.m */; };
		844C89631CB0F9AB00AA0B52 /* HSK_CFUtilities.m in Sources */ = {isa = PBXBuildFile; fileRef = 844C895A1CB0F9AB00AA0B52 /* HSK_CFUtilities.m */; };
		844C89641CB0F9AB00AA0B52 /* NSData+Base64Additions.m in Sources */ = {isa = PBXBuildFile; fileRef = 844C895C1CB0F9AB00AA0B52 /* NSData+Base64Additions.m */; };
		844C89651CB0F9AB00AA0B52 /* NSStream+SKPSMTPExtensions.m in Sources */ = {isa = PBXBuildFile; fileRef = 844C895E1CB0F9AB00AA0B52 /* NSStream+SKPSMTPExtensions.m */; settings = {COMPILER_FLAGS = "-fno-objc-arc"; }; };
		844C89661CB0F9AB00AA0B52 /* SKPSMTPMessage.m in Sources */ = {isa = PBXBuildFile; fileRef = 844C89601CB0F9AB00AA0B52 /* SKPSMTPMessage.m */; settings = {COMPILER_FLAGS = "-fno-objc-arc"; }; };
		844D062F1CCCD39100B17A1F /* APIManager.m in Sources */ = {isa = PBXBuildFile; fileRef = 844D06261CCCD39100B17A1F /* APIManager.m */; };
		844D06311CCCD39100B17A1F /* AppPreferences.m in Sources */ = {isa = PBXBuildFile; fileRef = 844D062A1CCCD39100B17A1F /* AppPreferences.m */; };
		844D06331CCCD39100B17A1F /* DownloadMetaDataJob.m in Sources */ = {isa = PBXBuildFile; fileRef = 844D062E1CCCD39100B17A1F /* DownloadMetaDataJob.m */; };
		844D06371CCCD5AB00B17A1F /* Reachability.m in Sources */ = {isa = PBXBuildFile; fileRef = 844D06361CCCD5AB00B17A1F /* Reachability.m */; };
		844D06481CCCDE2600B17A1F /* SBJson4Parser.m in Sources */ = {isa = PBXBuildFile; fileRef = 844D063B1CCCDE2600B17A1F /* SBJson4Parser.m */; };
		844D06491CCCDE2600B17A1F /* SBJson4StreamParser.m in Sources */ = {isa = PBXBuildFile; fileRef = 844D063D1CCCDE2600B17A1F /* SBJson4StreamParser.m */; };
		844D064A1CCCDE2600B17A1F /* SBJson4StreamParserState.m in Sources */ = {isa = PBXBuildFile; fileRef = 844D063F1CCCDE2600B17A1F /* SBJson4StreamParserState.m */; };
		844D064B1CCCDE2600B17A1F /* SBJson4StreamTokeniser.m in Sources */ = {isa = PBXBuildFile; fileRef = 844D06411CCCDE2600B17A1F /* SBJson4StreamTokeniser.m */; };
		844D064C1CCCDE2600B17A1F /* SBJson4StreamWriter.m in Sources */ = {isa = PBXBuildFile; fileRef = 844D06431CCCDE2600B17A1F /* SBJson4StreamWriter.m */; };
		844D064D1CCCDE2600B17A1F /* SBJson4StreamWriterState.m in Sources */ = {isa = PBXBuildFile; fileRef = 844D06451CCCDE2600B17A1F /* SBJson4StreamWriterState.m */; };
		844D064E1CCCDE2600B17A1F /* SBJson4Writer.m in Sources */ = {isa = PBXBuildFile; fileRef = 844D06471CCCDE2600B17A1F /* SBJson4Writer.m */; };
		844D76E11CDCBD3900F65E55 /* FeedOrQueryMessageHeader.m in Sources */ = {isa = PBXBuildFile; fileRef = 844D76E01CDCBD3900F65E55 /* FeedOrQueryMessageHeader.m */; };
		84657E451CCB6A9E00DC086E /* UIColor+CommunicatorColor.m in Sources */ = {isa = PBXBuildFile; fileRef = 84657E441CCB6A9E00DC086E /* UIColor+CommunicatorColor.m */; };
		8472EA0D1CA6582400285776 /* Database.m in Sources */ = {isa = PBXBuildFile; fileRef = 8472EA0C1CA6582400285776 /* Database.m */; };
		848547E91CA6AA6A00ABEFD0 /* HomeViewController.m in Sources */ = {isa = PBXBuildFile; fileRef = 848547E81CA6AA6A00ABEFD0 /* HomeViewController.m */; };
		84AF76FC1D0065CE00F381B4 /* Assets.xcassets in Resources */ = {isa = PBXBuildFile; fileRef = 84AF76FB1D0065CE00F381B4 /* Assets.xcassets */; };
		84B705241CD5D3500075AA9E /* FeedQueryCounter.m in Sources */ = {isa = PBXBuildFile; fileRef = 84B705231CD5D3500075AA9E /* FeedQueryCounter.m */; };
		84B705271CD604540075AA9E /* Company.m in Sources */ = {isa = PBXBuildFile; fileRef = 84B705261CD604540075AA9E /* Company.m */; };
		84B77EF81CAFB2E9008BC402 /* ComposeFeedbackOrQueryViewController.m in Sources */ = {isa = PBXBuildFile; fileRef = 84B77EF71CAFB2E9008BC402 /* ComposeFeedbackOrQueryViewController.m */; };
		84E003C91CC0BDCA00866CFF /* UIButton+buttonDesign.m in Sources */ = {isa = PBXBuildFile; fileRef = 84E003C81CC0BDCA00866CFF /* UIButton+buttonDesign.m */; };
		84F141591C9EB07B0022FA4F /* Feedback.m in Sources */ = {isa = PBXBuildFile; fileRef = 84F141581C9EB07B0022FA4F /* Feedback.m */; };
		84F1415C1C9EB8840022FA4F /* FeedbackChatingCounter.m in Sources */ = {isa = PBXBuildFile; fileRef = 84F1415B1C9EB8840022FA4F /* FeedbackChatingCounter.m */; };
		84F1415F1C9EBE8F0022FA4F /* FeedbackType.m in Sources */ = {isa = PBXBuildFile; fileRef = 84F1415E1C9EBE8F0022FA4F /* FeedbackType.m */; };
		84F141621C9EBF260022FA4F /* Query.m in Sources */ = {isa = PBXBuildFile; fileRef = 84F141611C9EBF260022FA4F /* Query.m */; };
		84F141651C9EC0910022FA4F /* QueryChatingCounter.m in Sources */ = {isa = PBXBuildFile; fileRef = 84F141641C9EC0910022FA4F /* QueryChatingCounter.m */; };
		84F141681C9EC13D0022FA4F /* User.m in Sources */ = {isa = PBXBuildFile; fileRef = 84F141671C9EC13D0022FA4F /* User.m */; };
		84F1416B1C9EC5390022FA4F /* Operator.m in Sources */ = {isa = PBXBuildFile; fileRef = 84F1416A1C9EC5390022FA4F /* Operator.m */; };
		84F4F5141CE9EFE200AB91E9 /* MainTabBarViewController.m in Sources */ = {isa = PBXBuildFile; fileRef = 84F4F5131CE9EFE200AB91E9 /* MainTabBarViewController.m */; };
		84FB37E31CAFC4F500DB098E /* CFNetwork.framework in Frameworks */ = {isa = PBXBuildFile; fileRef = 84FB37E21CAFC4F500DB098E /* CFNetwork.framework */; };
/* End PBXBuildFile section */

/* Begin PBXContainerItemProxy section */
		841F6D301C9D4BEC0082F7BE /* PBXContainerItemProxy */ = {
			isa = PBXContainerItemProxy;
			containerPortal = 841F6D0E1C9D4BEC0082F7BE /* Project object */;
			proxyType = 1;
			remoteGlobalIDString = 841F6D151C9D4BEC0082F7BE;
			remoteInfo = Communicator;
		};
		841F6D3B1C9D4BEC0082F7BE /* PBXContainerItemProxy */ = {
			isa = PBXContainerItemProxy;
			containerPortal = 841F6D0E1C9D4BEC0082F7BE /* Project object */;
			proxyType = 1;
			remoteGlobalIDString = 841F6D151C9D4BEC0082F7BE;
			remoteInfo = Communicator;
		};
/* End PBXContainerItemProxy section */

/* Begin PBXFileReference section */
		840374941CEDCA5700462602 /* CreateNewFeedbackViewController.h */ = {isa = PBXFileReference; fileEncoding = 4; lastKnownFileType = sourcecode.c.h; path = CreateNewFeedbackViewController.h; sourceTree = "<group>"; };
		840374951CEDCA5700462602 /* CreateNewFeedbackViewController.m */ = {isa = PBXFileReference; fileEncoding = 4; lastKnownFileType = sourcecode.c.objc; path = CreateNewFeedbackViewController.m; sourceTree = "<group>"; };
		840374971CEDFB8700462602 /* CreateNewMOMViewController.h */ = {isa = PBXFileReference; fileEncoding = 4; lastKnownFileType = sourcecode.c.h; path = CreateNewMOMViewController.h; sourceTree = "<group>"; };
		840374981CEDFB8700462602 /* CreateNewMOMViewController.m */ = {isa = PBXFileReference; fileEncoding = 4; lastKnownFileType = sourcecode.c.objc; path = CreateNewMOMViewController.m; sourceTree = "<group>"; };
		8411D4D51CF637D800EAACB6 /* DetailChatingViewController.h */ = {isa = PBXFileReference; fileEncoding = 4; lastKnownFileType = sourcecode.c.h; path = DetailChatingViewController.h; sourceTree = "<group>"; };
		8411D4D61CF637D800EAACB6 /* DetailChatingViewController.m */ = {isa = PBXFileReference; fileEncoding = 4; lastKnownFileType = sourcecode.c.objc; path = DetailChatingViewController.m; sourceTree = "<group>"; };
		84196B851CD6269800F46A42 /* UserPermission.h */ = {isa = PBXFileReference; fileEncoding = 4; lastKnownFileType = sourcecode.c.h; path = UserPermission.h; sourceTree = "<group>"; };
		84196B861CD6269800F46A42 /* UserPermission.m */ = {isa = PBXFileReference; fileEncoding = 4; lastKnownFileType = sourcecode.c.objc; path = UserPermission.m; sourceTree = "<group>"; };
		84196B881CD6273600F46A42 /* userRoll.h */ = {isa = PBXFileReference; fileEncoding = 4; lastKnownFileType = sourcecode.c.h; path = userRoll.h; sourceTree = "<group>"; };
		84196B891CD6273600F46A42 /* userRoll.m */ = {isa = PBXFileReference; fileEncoding = 4; lastKnownFileType = sourcecode.c.objc; path = userRoll.m; sourceTree = "<group>"; };
		84196B8B1CD62A2A00F46A42 /* Status.h */ = {isa = PBXFileReference; fileEncoding = 4; lastKnownFileType = sourcecode.c.h; path = Status.h; sourceTree = "<group>"; };
		84196B8C1CD62A2A00F46A42 /* Status.m */ = {isa = PBXFileReference; fileEncoding = 4; lastKnownFileType = sourcecode.c.objc; path = Status.m; sourceTree = "<group>"; };
		84196B8E1CD62CB000F46A42 /* City.h */ = {isa = PBXFileReference; fileEncoding = 4; lastKnownFileType = sourcecode.c.h; path = City.h; sourceTree = "<group>"; };
		84196B8F1CD62CB000F46A42 /* City.m */ = {isa = PBXFileReference; fileEncoding = 4; lastKnownFileType = sourcecode.c.objc; path = City.m; sourceTree = "<group>"; };
		84196B911CD62D5200F46A42 /* ComapnyProfile.h */ = {isa = PBXFileReference; fileEncoding = 4; lastKnownFileType = sourcecode.c.h; path = ComapnyProfile.h; sourceTree = "<group>"; };
		84196B921CD62D5200F46A42 /* ComapnyProfile.m */ = {isa = PBXFileReference; fileEncoding = 4; lastKnownFileType = sourcecode.c.objc; path = ComapnyProfile.m; sourceTree = "<group>"; };
		84196B941CD62E3B00F46A42 /* Customer.h */ = {isa = PBXFileReference; fileEncoding = 4; lastKnownFileType = sourcecode.c.h; path = Customer.h; sourceTree = "<group>"; };
		84196B951CD62E3B00F46A42 /* Customer.m */ = {isa = PBXFileReference; fileEncoding = 4; lastKnownFileType = sourcecode.c.objc; path = Customer.m; sourceTree = "<group>"; };
		84196B971CD62FDB00F46A42 /* departmentPermission.h */ = {isa = PBXFileReference; fileEncoding = 4; lastKnownFileType = sourcecode.c.h; path = departmentPermission.h; sourceTree = "<group>"; };
		84196B981CD62FDB00F46A42 /* departmentPermission.m */ = {isa = PBXFileReference; fileEncoding = 4; lastKnownFileType = sourcecode.c.objc; path = departmentPermission.m; sourceTree = "<group>"; };
		84196B9A1CD6303700F46A42 /* departmentTable.h */ = {isa = PBXFileReference; fileEncoding = 4; lastKnownFileType = sourcecode.c.h; path = departmentTable.h; sourceTree = "<group>"; };
		84196B9B1CD6303700F46A42 /* departmentTable.m */ = {isa = PBXFileReference; fileEncoding = 4; lastKnownFileType = sourcecode.c.objc; path = departmentTable.m; sourceTree = "<group>"; };
		84196B9D1CD6306A00F46A42 /* dropboxReport.h */ = {isa = PBXFileReference; fileEncoding = 4; lastKnownFileType = sourcecode.c.h; path = dropboxReport.h; sourceTree = "<group>"; };
		84196B9E1CD6306A00F46A42 /* dropboxReport.m */ = {isa = PBXFileReference; fileEncoding = 4; lastKnownFileType = sourcecode.c.objc; path = dropboxReport.m; sourceTree = "<group>"; };
		84196BA01CD630D400F46A42 /* Mom.h */ = {isa = PBXFileReference; fileEncoding = 4; lastKnownFileType = sourcecode.c.h; path = Mom.h; sourceTree = "<group>"; };
		84196BA11CD630D400F46A42 /* Mom.m */ = {isa = PBXFileReference; fileEncoding = 4; lastKnownFileType = sourcecode.c.objc; path = Mom.m; sourceTree = "<group>"; };
		84196BA31CD6316500F46A42 /* Permission.h */ = {isa = PBXFileReference; fileEncoding = 4; lastKnownFileType = sourcecode.c.h; path = Permission.h; sourceTree = "<group>"; };
		84196BA41CD6316500F46A42 /* Permission.m */ = {isa = PBXFileReference; fileEncoding = 4; lastKnownFileType = sourcecode.c.objc; path = Permission.m; sourceTree = "<group>"; };
		84196BA61CD631C300F46A42 /* Products.h */ = {isa = PBXFileReference; fileEncoding = 4; lastKnownFileType = sourcecode.c.h; path = Products.h; sourceTree = "<group>"; };
		84196BA71CD631C300F46A42 /* Products.m */ = {isa = PBXFileReference; fileEncoding = 4; lastKnownFileType = sourcecode.c.objc; path = Products.m; sourceTree = "<group>"; };
		84196BA91CD6330700F46A42 /* Unit.h */ = {isa = PBXFileReference; fileEncoding = 4; lastKnownFileType = sourcecode.c.h; path = Unit.h; sourceTree = "<group>"; };
		84196BAA1CD6330700F46A42 /* Unit.m */ = {isa = PBXFileReference; fileEncoding = 4; lastKnownFileType = sourcecode.c.objc; path = Unit.m; sourceTree = "<group>"; };
		84196BAC1CD6336F00F46A42 /* UserdepartmentRole.h */ = {isa = PBXFileReference; fileEncoding = 4; lastKnownFileType = sourcecode.c.h; path = UserdepartmentRole.h; sourceTree = "<group>"; };
		84196BAD1CD6336F00F46A42 /* UserdepartmentRole.m */ = {isa = PBXFileReference; fileEncoding = 4; lastKnownFileType = sourcecode.c.objc; path = UserdepartmentRole.m; sourceTree = "<group>"; };
		84196BAF1CD6342C00F46A42 /* UserPermissionCompany.h */ = {isa = PBXFileReference; fileEncoding = 4; lastKnownFileType = sourcecode.c.h; path = UserPermissionCompany.h; sourceTree = "<group>"; };
		84196BB01CD6342C00F46A42 /* UserPermissionCompany.m */ = {isa = PBXFileReference; fileEncoding = 4; lastKnownFileType = sourcecode.c.objc; path = UserPermissionCompany.m; sourceTree = "<group>"; };
		841B1F7F1CFF36550038378A /* CompanyRelatedFeedQueryCounter.h */ = {isa = PBXFileReference; fileEncoding = 4; lastKnownFileType = sourcecode.c.h; path = CompanyRelatedFeedQueryCounter.h; sourceTree = "<group>"; };
		841B1F801CFF36550038378A /* CompanyRelatedFeedQueryCounter.m */ = {isa = PBXFileReference; fileEncoding = 4; lastKnownFileType = sourcecode.c.objc; path = CompanyRelatedFeedQueryCounter.m; sourceTree = "<group>"; };
		841F6D161C9D4BEC0082F7BE /* Communicator.app */ = {isa = PBXFileReference; explicitFileType = wrapper.application; includeInIndex = 0; path = Communicator.app; sourceTree = BUILT_PRODUCTS_DIR; };
		841F6D1A1C9D4BEC0082F7BE /* main.m */ = {isa = PBXFileReference; lastKnownFileType = sourcecode.c.objc; path = main.m; sourceTree = "<group>"; };
		841F6D1C1C9D4BEC0082F7BE /* AppDelegate.h */ = {isa = PBXFileReference; lastKnownFileType = sourcecode.c.h; path = AppDelegate.h; sourceTree = "<group>"; };
		841F6D1D1C9D4BEC0082F7BE /* AppDelegate.m */ = {isa = PBXFileReference; lastKnownFileType = sourcecode.c.objc; path = AppDelegate.m; sourceTree = "<group>"; };
		841F6D1F1C9D4BEC0082F7BE /* LoginViewController.h */ = {isa = PBXFileReference; lastKnownFileType = sourcecode.c.h; name = LoginViewController.h; path = ../LoginViewController.h; sourceTree = "<group>"; };
		841F6D201C9D4BEC0082F7BE /* LoginViewController.m */ = {isa = PBXFileReference; lastKnownFileType = sourcecode.c.objc; name = LoginViewController.m; path = ../LoginViewController.m; sourceTree = "<group>"; };
		841F6D281C9D4BEC0082F7BE /* Base */ = {isa = PBXFileReference; lastKnownFileType = file.storyboard; name = Base; path = Base.lproj/LaunchScreen.storyboard; sourceTree = "<group>"; };
		841F6D2A1C9D4BEC0082F7BE /* Info.plist */ = {isa = PBXFileReference; lastKnownFileType = text.plist.xml; path = Info.plist; sourceTree = "<group>"; };
		841F6D2F1C9D4BEC0082F7BE /* CommunicatorTests.xctest */ = {isa = PBXFileReference; explicitFileType = wrapper.cfbundle; includeInIndex = 0; path = CommunicatorTests.xctest; sourceTree = BUILT_PRODUCTS_DIR; };
		841F6D331C9D4BEC0082F7BE /* CommunicatorTests.m */ = {isa = PBXFileReference; lastKnownFileType = sourcecode.c.objc; path = CommunicatorTests.m; sourceTree = "<group>"; };
		841F6D351C9D4BEC0082F7BE /* Info.plist */ = {isa = PBXFileReference; lastKnownFileType = text.plist.xml; path = Info.plist; sourceTree = "<group>"; };
		841F6D3A1C9D4BEC0082F7BE /* CommunicatorUITests.xctest */ = {isa = PBXFileReference; explicitFileType = wrapper.cfbundle; includeInIndex = 0; path = CommunicatorUITests.xctest; sourceTree = BUILT_PRODUCTS_DIR; };
		841F6D3E1C9D4BEC0082F7BE /* CommunicatorUITests.m */ = {isa = PBXFileReference; lastKnownFileType = sourcecode.c.objc; path = CommunicatorUITests.m; sourceTree = "<group>"; };
		841F6D401C9D4BEC0082F7BE /* Info.plist */ = {isa = PBXFileReference; lastKnownFileType = text.plist.xml; path = Info.plist; sourceTree = "<group>"; };
		842784E51CBB7E6C0072893C /* Settings.plist */ = {isa = PBXFileReference; fileEncoding = 4; lastKnownFileType = text.plist.xml; path = Settings.plist; sourceTree = "<group>"; };
		842B365A1CAA5282003D83D9 /* FeedcomQuerycomViewController.h */ = {isa = PBXFileReference; fileEncoding = 4; lastKnownFileType = sourcecode.c.h; path = FeedcomQuerycomViewController.h; sourceTree = "<group>"; };
		842B365B1CAA5282003D83D9 /* FeedcomQuerycomViewController.m */ = {isa = PBXFileReference; fileEncoding = 4; lastKnownFileType = sourcecode.c.objc; path = FeedcomQuerycomViewController.m; sourceTree = "<group>"; };
		842BF6561CF467CE00613E29 /* ReportAndDocsViewController.h */ = {isa = PBXFileReference; fileEncoding = 4; lastKnownFileType = sourcecode.c.h; path = ReportAndDocsViewController.h; sourceTree = "<group>"; };
		842BF6571CF467CE00613E29 /* ReportAndDocsViewController.m */ = {isa = PBXFileReference; fileEncoding = 4; lastKnownFileType = sourcecode.c.objc; path = ReportAndDocsViewController.m; sourceTree = "<group>"; };
		8432AD8E1CE467550011EF29 /* CompanyNamesViewController.h */ = {isa = PBXFileReference; fileEncoding = 4; lastKnownFileType = sourcecode.c.h; path = CompanyNamesViewController.h; sourceTree = "<group>"; };
		8432AD8F1CE467550011EF29 /* CompanyNamesViewController.m */ = {isa = PBXFileReference; fileEncoding = 4; lastKnownFileType = sourcecode.c.objc; path = CompanyNamesViewController.m; sourceTree = "<group>"; };
		8434F0B81CFDB341003C56D7 /* CompanyFeedbackTypeAssociation.h */ = {isa = PBXFileReference; fileEncoding = 4; lastKnownFileType = sourcecode.c.h; path = CompanyFeedbackTypeAssociation.h; sourceTree = "<group>"; };
		8434F0B91CFDB341003C56D7 /* CompanyFeedbackTypeAssociation.m */ = {isa = PBXFileReference; fileEncoding = 4; lastKnownFileType = sourcecode.c.objc; path = CompanyFeedbackTypeAssociation.m; sourceTree = "<group>"; };
		8441772F1CA56D7900C850B0 /* libsqlite3.tbd */ = {isa = PBXFileReference; lastKnownFileType = "sourcecode.text-based-dylib-definition"; name = libsqlite3.tbd; path = usr/lib/libsqlite3.tbd; sourceTree = SDKROOT; };
		844177321CA5749E00C850B0 /* Communicator_DB.sqlite */ = {isa = PBXFileReference; lastKnownFileType = file; path = Communicator_DB.sqlite; sourceTree = "<group>"; };
		844623181CB398B6007CC831 /* SWRevealViewController.h */ = {isa = PBXFileReference; fileEncoding = 4; lastKnownFileType = sourcecode.c.h; path = SWRevealViewController.h; sourceTree = "<group>"; };
		844623191CB398B6007CC831 /* SWRevealViewController.m */ = {isa = PBXFileReference; fileEncoding = 4; lastKnownFileType = sourcecode.c.objc; path = SWRevealViewController.m; sourceTree = "<group>"; };
		8446231B1CB3A0BD007CC831 /* SWMenuViewController.h */ = {isa = PBXFileReference; fileEncoding = 4; lastKnownFileType = sourcecode.c.h; path = SWMenuViewController.h; sourceTree = "<group>"; };
		8446231C1CB3A0BD007CC831 /* SWMenuViewController.m */ = {isa = PBXFileReference; fileEncoding = 4; lastKnownFileType = sourcecode.c.objc; path = SWMenuViewController.m; sourceTree = "<group>"; };
		8446231F1CB3A532007CC831 /* Base */ = {isa = PBXFileReference; lastKnownFileType = file.storyboard; name = Base; path = Base.lproj/Main.storyboard; sourceTree = "<group>"; };
		844B754A1D0454CF00052698 /* CounterGraph.h */ = {isa = PBXFileReference; fileEncoding = 4; lastKnownFileType = sourcecode.c.h; path = CounterGraph.h; sourceTree = "<group>"; };
		844B754B1D0454CF00052698 /* CounterGraph.m */ = {isa = PBXFileReference; fileEncoding = 4; lastKnownFileType = sourcecode.c.objc; path = CounterGraph.m; sourceTree = "<group>"; };
		844C51391CA123E2001B4591 /* CALayer+BorderColor.h */ = {isa = PBXFileReference; fileEncoding = 4; lastKnownFileType = sourcecode.c.h; name = "CALayer+BorderColor.h"; path = "../CALayer+BorderColor.h"; sourceTree = "<group>"; };
		844C513A1CA123E3001B4591 /* CALayer+BorderColor.m */ = {isa = PBXFileReference; fileEncoding = 4; lastKnownFileType = sourcecode.c.objc; name = "CALayer+BorderColor.m"; path = "../CALayer+BorderColor.m"; sourceTree = "<group>"; };
		844C89541CB0F9AB00AA0B52 /* MBProgressHUD.h */ = {isa = PBXFileReference; fileEncoding = 4; lastKnownFileType = sourcecode.c.h; path = MBProgressHUD.h; sourceTree = "<group>"; };
		844C89551CB0F9AB00AA0B52 /* MBProgressHUD.m */ = {isa = PBXFileReference; fileEncoding = 4; lastKnownFileType = sourcecode.c.objc; path = MBProgressHUD.m; sourceTree = "<group>"; };
		844C89571CB0F9AB00AA0B52 /* Base64Transcoder.h */ = {isa = PBXFileReference; fileEncoding = 4; lastKnownFileType = sourcecode.c.h; path = Base64Transcoder.h; sourceTree = "<group>"; };
		844C89581CB0F9AB00AA0B52 /* Base64Transcoder.m */ = {isa = PBXFileReference; fileEncoding = 4; lastKnownFileType = sourcecode.c.objc; path = Base64Transcoder.m; sourceTree = "<group>"; };
		844C89591CB0F9AB00AA0B52 /* HSK_CFUtilities.h */ = {isa = PBXFileReference; fileEncoding = 4; lastKnownFileType = sourcecode.c.h; path = HSK_CFUtilities.h; sourceTree = "<group>"; };
		844C895A1CB0F9AB00AA0B52 /* HSK_CFUtilities.m */ = {isa = PBXFileReference; fileEncoding = 4; lastKnownFileType = sourcecode.c.objc; path = HSK_CFUtilities.m; sourceTree = "<group>"; };
		844C895B1CB0F9AB00AA0B52 /* NSData+Base64Additions.h */ = {isa = PBXFileReference; fileEncoding = 4; lastKnownFileType = sourcecode.c.h; path = "NSData+Base64Additions.h"; sourceTree = "<group>"; };
		844C895C1CB0F9AB00AA0B52 /* NSData+Base64Additions.m */ = {isa = PBXFileReference; fileEncoding = 4; lastKnownFileType = sourcecode.c.objc; path = "NSData+Base64Additions.m"; sourceTree = "<group>"; };
		844C895D1CB0F9AB00AA0B52 /* NSStream+SKPSMTPExtensions.h */ = {isa = PBXFileReference; fileEncoding = 4; lastKnownFileType = sourcecode.c.h; path = "NSStream+SKPSMTPExtensions.h"; sourceTree = "<group>"; };
		844C895E1CB0F9AB00AA0B52 /* NSStream+SKPSMTPExtensions.m */ = {isa = PBXFileReference; fileEncoding = 4; lastKnownFileType = sourcecode.c.objc; path = "NSStream+SKPSMTPExtensions.m"; sourceTree = "<group>"; };
		844C895F1CB0F9AB00AA0B52 /* SKPSMTPMessage.h */ = {isa = PBXFileReference; fileEncoding = 4; lastKnownFileType = sourcecode.c.h; path = SKPSMTPMessage.h; sourceTree = "<group>"; };
		844C89601CB0F9AB00AA0B52 /* SKPSMTPMessage.m */ = {isa = PBXFileReference; fileEncoding = 4; lastKnownFileType = sourcecode.c.objc; path = SKPSMTPMessage.m; sourceTree = "<group>"; };
		844D06251CCCD39100B17A1F /* APIManager.h */ = {isa = PBXFileReference; fileEncoding = 4; lastKnownFileType = sourcecode.c.h; path = APIManager.h; sourceTree = "<group>"; };
		844D06261CCCD39100B17A1F /* APIManager.m */ = {isa = PBXFileReference; fileEncoding = 4; lastKnownFileType = sourcecode.c.objc; path = APIManager.m; sourceTree = "<group>"; };
		844D06291CCCD39100B17A1F /* AppPreferences.h */ = {isa = PBXFileReference; fileEncoding = 4; lastKnownFileType = sourcecode.c.h; path = AppPreferences.h; sourceTree = "<group>"; };
		844D062A1CCCD39100B17A1F /* AppPreferences.m */ = {isa = PBXFileReference; fileEncoding = 4; lastKnownFileType = sourcecode.c.objc; path = AppPreferences.m; sourceTree = "<group>"; };
		844D062D1CCCD39100B17A1F /* DownloadMetaDataJob.h */ = {isa = PBXFileReference; fileEncoding = 4; lastKnownFileType = sourcecode.c.h; path = DownloadMetaDataJob.h; sourceTree = "<group>"; };
		844D062E1CCCD39100B17A1F /* DownloadMetaDataJob.m */ = {isa = PBXFileReference; fileEncoding = 4; lastKnownFileType = sourcecode.c.objc; path = DownloadMetaDataJob.m; sourceTree = "<group>"; };
		844D06351CCCD5AB00B17A1F /* Reachability.h */ = {isa = PBXFileReference; fileEncoding = 4; lastKnownFileType = sourcecode.c.h; path = Reachability.h; sourceTree = "<group>"; };
		844D06361CCCD5AB00B17A1F /* Reachability.m */ = {isa = PBXFileReference; fileEncoding = 4; lastKnownFileType = sourcecode.c.objc; path = Reachability.m; sourceTree = "<group>"; };
		844D06391CCCDE2600B17A1F /* SBJson4.h */ = {isa = PBXFileReference; fileEncoding = 4; lastKnownFileType = sourcecode.c.h; path = SBJson4.h; sourceTree = "<group>"; };
		844D063A1CCCDE2600B17A1F /* SBJson4Parser.h */ = {isa = PBXFileReference; fileEncoding = 4; lastKnownFileType = sourcecode.c.h; path = SBJson4Parser.h; sourceTree = "<group>"; };
		844D063B1CCCDE2600B17A1F /* SBJson4Parser.m */ = {isa = PBXFileReference; fileEncoding = 4; lastKnownFileType = sourcecode.c.objc; path = SBJson4Parser.m; sourceTree = "<group>"; };
		844D063C1CCCDE2600B17A1F /* SBJson4StreamParser.h */ = {isa = PBXFileReference; fileEncoding = 4; lastKnownFileType = sourcecode.c.h; path = SBJson4StreamParser.h; sourceTree = "<group>"; };
		844D063D1CCCDE2600B17A1F /* SBJson4StreamParser.m */ = {isa = PBXFileReference; fileEncoding = 4; lastKnownFileType = sourcecode.c.objc; path = SBJson4StreamParser.m; sourceTree = "<group>"; };
		844D063E1CCCDE2600B17A1F /* SBJson4StreamParserState.h */ = {isa = PBXFileReference; fileEncoding = 4; lastKnownFileType = sourcecode.c.h; path = SBJson4StreamParserState.h; sourceTree = "<group>"; };
		844D063F1CCCDE2600B17A1F /* SBJson4StreamParserState.m */ = {isa = PBXFileReference; fileEncoding = 4; lastKnownFileType = sourcecode.c.objc; path = SBJson4StreamParserState.m; sourceTree = "<group>"; };
		844D06401CCCDE2600B17A1F /* SBJson4StreamTokeniser.h */ = {isa = PBXFileReference; fileEncoding = 4; lastKnownFileType = sourcecode.c.h; path = SBJson4StreamTokeniser.h; sourceTree = "<group>"; };
		844D06411CCCDE2600B17A1F /* SBJson4StreamTokeniser.m */ = {isa = PBXFileReference; fileEncoding = 4; lastKnownFileType = sourcecode.c.objc; path = SBJson4StreamTokeniser.m; sourceTree = "<group>"; };
		844D06421CCCDE2600B17A1F /* SBJson4StreamWriter.h */ = {isa = PBXFileReference; fileEncoding = 4; lastKnownFileType = sourcecode.c.h; path = SBJson4StreamWriter.h; sourceTree = "<group>"; };
		844D06431CCCDE2600B17A1F /* SBJson4StreamWriter.m */ = {isa = PBXFileReference; fileEncoding = 4; lastKnownFileType = sourcecode.c.objc; path = SBJson4StreamWriter.m; sourceTree = "<group>"; };
		844D06441CCCDE2600B17A1F /* SBJson4StreamWriterState.h */ = {isa = PBXFileReference; fileEncoding = 4; lastKnownFileType = sourcecode.c.h; path = SBJson4StreamWriterState.h; sourceTree = "<group>"; };
		844D06451CCCDE2600B17A1F /* SBJson4StreamWriterState.m */ = {isa = PBXFileReference; fileEncoding = 4; lastKnownFileType = sourcecode.c.objc; path = SBJson4StreamWriterState.m; sourceTree = "<group>"; };
		844D06461CCCDE2600B17A1F /* SBJson4Writer.h */ = {isa = PBXFileReference; fileEncoding = 4; lastKnownFileType = sourcecode.c.h; path = SBJson4Writer.h; sourceTree = "<group>"; };
		844D06471CCCDE2600B17A1F /* SBJson4Writer.m */ = {isa = PBXFileReference; fileEncoding = 4; lastKnownFileType = sourcecode.c.objc; path = SBJson4Writer.m; sourceTree = "<group>"; };
		844D76DF1CDCBD3900F65E55 /* FeedOrQueryMessageHeader.h */ = {isa = PBXFileReference; fileEncoding = 4; lastKnownFileType = sourcecode.c.h; path = FeedOrQueryMessageHeader.h; sourceTree = "<group>"; };
		844D76E01CDCBD3900F65E55 /* FeedOrQueryMessageHeader.m */ = {isa = PBXFileReference; fileEncoding = 4; lastKnownFileType = sourcecode.c.objc; path = FeedOrQueryMessageHeader.m; sourceTree = "<group>"; };
		84657E431CCB6A9E00DC086E /* UIColor+CommunicatorColor.h */ = {isa = PBXFileReference; fileEncoding = 4; lastKnownFileType = sourcecode.c.h; path = "UIColor+CommunicatorColor.h"; sourceTree = "<group>"; };
		84657E441CCB6A9E00DC086E /* UIColor+CommunicatorColor.m */ = {isa = PBXFileReference; fileEncoding = 4; lastKnownFileType = sourcecode.c.objc; path = "UIColor+CommunicatorColor.m"; sourceTree = "<group>"; };
		84657E481CCB7BB900DC086E /* Constants.h */ = {isa = PBXFileReference; fileEncoding = 4; lastKnownFileType = sourcecode.c.h; path = Constants.h; sourceTree = "<group>"; };
		84657E491CCB81D900DC086E /* PrefixHeader.pch */ = {isa = PBXFileReference; lastKnownFileType = sourcecode.c.h; name = PrefixHeader.pch; path = ../PrefixHeader.pch; sourceTree = "<group>"; };
		8472EA0B1CA6582400285776 /* Database.h */ = {isa = PBXFileReference; fileEncoding = 4; lastKnownFileType = sourcecode.c.h; path = Database.h; sourceTree = "<group>"; };
		8472EA0C1CA6582400285776 /* Database.m */ = {isa = PBXFileReference; fileEncoding = 4; lastKnownFileType = sourcecode.c.objc; path = Database.m; sourceTree = "<group>"; };
		848547E71CA6AA6A00ABEFD0 /* HomeViewController.h */ = {isa = PBXFileReference; fileEncoding = 4; lastKnownFileType = sourcecode.c.h; path = HomeViewController.h; sourceTree = "<group>"; };
		848547E81CA6AA6A00ABEFD0 /* HomeViewController.m */ = {isa = PBXFileReference; fileEncoding = 4; lastKnownFileType = sourcecode.c.objc; path = HomeViewController.m; sourceTree = "<group>"; };
		84AF76FB1D0065CE00F381B4 /* Assets.xcassets */ = {isa = PBXFileReference; lastKnownFileType = folder.assetcatalog; path = Assets.xcassets; sourceTree = "<group>"; };
		84B705221CD5D3500075AA9E /* FeedQueryCounter.h */ = {isa = PBXFileReference; fileEncoding = 4; lastKnownFileType = sourcecode.c.h; path = FeedQueryCounter.h; sourceTree = "<group>"; };
		84B705231CD5D3500075AA9E /* FeedQueryCounter.m */ = {isa = PBXFileReference; fileEncoding = 4; lastKnownFileType = sourcecode.c.objc; path = FeedQueryCounter.m; sourceTree = "<group>"; };
		84B705251CD604540075AA9E /* Company.h */ = {isa = PBXFileReference; fileEncoding = 4; lastKnownFileType = sourcecode.c.h; path = Company.h; sourceTree = "<group>"; };
		84B705261CD604540075AA9E /* Company.m */ = {isa = PBXFileReference; fileEncoding = 4; lastKnownFileType = sourcecode.c.objc; path = Company.m; sourceTree = "<group>"; };
		84B77EF61CAFB2E9008BC402 /* ComposeFeedbackOrQueryViewController.h */ = {isa = PBXFileReference; fileEncoding = 4; lastKnownFileType = sourcecode.c.h; path = ComposeFeedbackOrQueryViewController.h; sourceTree = "<group>"; };
		84B77EF71CAFB2E9008BC402 /* ComposeFeedbackOrQueryViewController.m */ = {isa = PBXFileReference; fileEncoding = 4; lastKnownFileType = sourcecode.c.objc; path = ComposeFeedbackOrQueryViewController.m; sourceTree = "<group>"; };
		84E003C71CC0BDCA00866CFF /* UIButton+buttonDesign.h */ = {isa = PBXFileReference; fileEncoding = 4; lastKnownFileType = sourcecode.c.h; path = "UIButton+buttonDesign.h"; sourceTree = "<group>"; };
		84E003C81CC0BDCA00866CFF /* UIButton+buttonDesign.m */ = {isa = PBXFileReference; fileEncoding = 4; lastKnownFileType = sourcecode.c.objc; path = "UIButton+buttonDesign.m"; sourceTree = "<group>"; };
		84F141571C9EB07B0022FA4F /* Feedback.h */ = {isa = PBXFileReference; fileEncoding = 4; lastKnownFileType = sourcecode.c.h; path = Feedback.h; sourceTree = "<group>"; };
		84F141581C9EB07B0022FA4F /* Feedback.m */ = {isa = PBXFileReference; fileEncoding = 4; lastKnownFileType = sourcecode.c.objc; path = Feedback.m; sourceTree = "<group>"; };
		84F1415A1C9EB8840022FA4F /* FeedbackChatingCounter.h */ = {isa = PBXFileReference; fileEncoding = 4; lastKnownFileType = sourcecode.c.h; path = FeedbackChatingCounter.h; sourceTree = "<group>"; };
		84F1415B1C9EB8840022FA4F /* FeedbackChatingCounter.m */ = {isa = PBXFileReference; fileEncoding = 4; lastKnownFileType = sourcecode.c.objc; path = FeedbackChatingCounter.m; sourceTree = "<group>"; };
		84F1415D1C9EBE8F0022FA4F /* FeedbackType.h */ = {isa = PBXFileReference; fileEncoding = 4; lastKnownFileType = sourcecode.c.h; path = FeedbackType.h; sourceTree = "<group>"; };
		84F1415E1C9EBE8F0022FA4F /* FeedbackType.m */ = {isa = PBXFileReference; fileEncoding = 4; lastKnownFileType = sourcecode.c.objc; path = FeedbackType.m; sourceTree = "<group>"; };
		84F141601C9EBF260022FA4F /* Query.h */ = {isa = PBXFileReference; fileEncoding = 4; lastKnownFileType = sourcecode.c.h; path = Query.h; sourceTree = "<group>"; };
		84F141611C9EBF260022FA4F /* Query.m */ = {isa = PBXFileReference; fileEncoding = 4; lastKnownFileType = sourcecode.c.objc; path = Query.m; sourceTree = "<group>"; };
		84F141631C9EC0910022FA4F /* QueryChatingCounter.h */ = {isa = PBXFileReference; fileEncoding = 4; lastKnownFileType = sourcecode.c.h; path = QueryChatingCounter.h; sourceTree = "<group>"; };
		84F141641C9EC0910022FA4F /* QueryChatingCounter.m */ = {isa = PBXFileReference; fileEncoding = 4; lastKnownFileType = sourcecode.c.objc; path = QueryChatingCounter.m; sourceTree = "<group>"; };
		84F141661C9EC13D0022FA4F /* User.h */ = {isa = PBXFileReference; fileEncoding = 4; lastKnownFileType = sourcecode.c.h; path = User.h; sourceTree = "<group>"; };
		84F141671C9EC13D0022FA4F /* User.m */ = {isa = PBXFileReference; fileEncoding = 4; lastKnownFileType = sourcecode.c.objc; path = User.m; sourceTree = "<group>"; };
		84F141691C9EC5390022FA4F /* Operator.h */ = {isa = PBXFileReference; fileEncoding = 4; lastKnownFileType = sourcecode.c.h; path = Operator.h; sourceTree = "<group>"; };
		84F1416A1C9EC5390022FA4F /* Operator.m */ = {isa = PBXFileReference; fileEncoding = 4; lastKnownFileType = sourcecode.c.objc; path = Operator.m; sourceTree = "<group>"; };
		84F4F5121CE9EFE200AB91E9 /* MainTabBarViewController.h */ = {isa = PBXFileReference; fileEncoding = 4; lastKnownFileType = sourcecode.c.h; path = MainTabBarViewController.h; sourceTree = "<group>"; };
		84F4F5131CE9EFE200AB91E9 /* MainTabBarViewController.m */ = {isa = PBXFileReference; fileEncoding = 4; lastKnownFileType = sourcecode.c.objc; path = MainTabBarViewController.m; sourceTree = "<group>"; };
		84FB37E21CAFC4F500DB098E /* CFNetwork.framework */ = {isa = PBXFileReference; lastKnownFileType = wrapper.framework; name = CFNetwork.framework; path = System/Library/Frameworks/CFNetwork.framework; sourceTree = SDKROOT; };
/* End PBXFileReference section */

/* Begin PBXFrameworksBuildPhase section */
		841F6D131C9D4BEC0082F7BE /* Frameworks */ = {
			isa = PBXFrameworksBuildPhase;
			buildActionMask = 2147483647;
			files = (
				84FB37E31CAFC4F500DB098E /* CFNetwork.framework in Frameworks */,
				844177301CA56D7900C850B0 /* libsqlite3.tbd in Frameworks */,
			);
			runOnlyForDeploymentPostprocessing = 0;
		};
		841F6D2C1C9D4BEC0082F7BE /* Frameworks */ = {
			isa = PBXFrameworksBuildPhase;
			buildActionMask = 2147483647;
			files = (
			);
			runOnlyForDeploymentPostprocessing = 0;
		};
		841F6D371C9D4BEC0082F7BE /* Frameworks */ = {
			isa = PBXFrameworksBuildPhase;
			buildActionMask = 2147483647;
			files = (
			);
			runOnlyForDeploymentPostprocessing = 0;
		};
/* End PBXFrameworksBuildPhase section */

/* Begin PBXGroup section */
		841F6D0D1C9D4BEC0082F7BE = {
			isa = PBXGroup;
			children = (
				84FB37E21CAFC4F500DB098E /* CFNetwork.framework */,
				8441772F1CA56D7900C850B0 /* libsqlite3.tbd */,
				841F6D181C9D4BEC0082F7BE /* Communicator */,
				841F6D321C9D4BEC0082F7BE /* CommunicatorTests */,
				841F6D3D1C9D4BEC0082F7BE /* CommunicatorUITests */,
				841F6D171C9D4BEC0082F7BE /* Products */,
			);
			sourceTree = "<group>";
		};
		841F6D171C9D4BEC0082F7BE /* Products */ = {
			isa = PBXGroup;
			children = (
				841F6D161C9D4BEC0082F7BE /* Communicator.app */,
				841F6D2F1C9D4BEC0082F7BE /* CommunicatorTests.xctest */,
				841F6D3A1C9D4BEC0082F7BE /* CommunicatorUITests.xctest */,
			);
			name = Products;
			sourceTree = "<group>";
		};
		841F6D181C9D4BEC0082F7BE /* Communicator */ = {
			isa = PBXGroup;
			children = (
				844D06241CCCD39100B17A1F /* API Manager */,
				84657E471CCB7BB900DC086E /* Constant */,
				84E003C61CC0BD9D00866CFF /* Categories */,
				844C89521CB0F9AB00AA0B52 /* Libraries */,
				84F141561C9EB02E0022FA4F /* Models */,
				8441772D1CA56CCA00C850B0 /* Database */,
				8472EA0E1CA65D4500285776 /* ViewControllers */,
				841F6D1C1C9D4BEC0082F7BE /* AppDelegate.h */,
				841F6D1D1C9D4BEC0082F7BE /* AppDelegate.m */,
				8446231E1CB3A532007CC831 /* Main.storyboard */,
				84AF76FB1D0065CE00F381B4 /* Assets.xcassets */,
				841F6D271C9D4BEC0082F7BE /* LaunchScreen.storyboard */,
				842784E51CBB7E6C0072893C /* Settings.plist */,
				841F6D2A1C9D4BEC0082F7BE /* Info.plist */,
				84657E491CCB81D900DC086E /* PrefixHeader.pch */,
				841F6D191C9D4BEC0082F7BE /* Supporting Files */,
			);
			path = Communicator;
			sourceTree = "<group>";
		};
		841F6D191C9D4BEC0082F7BE /* Supporting Files */ = {
			isa = PBXGroup;
			children = (
				841F6D1A1C9D4BEC0082F7BE /* main.m */,
			);
			name = "Supporting Files";
			sourceTree = "<group>";
		};
		841F6D321C9D4BEC0082F7BE /* CommunicatorTests */ = {
			isa = PBXGroup;
			children = (
				841F6D331C9D4BEC0082F7BE /* CommunicatorTests.m */,
				841F6D351C9D4BEC0082F7BE /* Info.plist */,
			);
			path = CommunicatorTests;
			sourceTree = "<group>";
		};
		841F6D3D1C9D4BEC0082F7BE /* CommunicatorUITests */ = {
			isa = PBXGroup;
			children = (
				841F6D3E1C9D4BEC0082F7BE /* CommunicatorUITests.m */,
				841F6D401C9D4BEC0082F7BE /* Info.plist */,
			);
			path = CommunicatorUITests;
			sourceTree = "<group>";
		};
		8441772D1CA56CCA00C850B0 /* Database */ = {
			isa = PBXGroup;
			children = (
				844177321CA5749E00C850B0 /* Communicator_DB.sqlite */,
				8472EA0B1CA6582400285776 /* Database.h */,
				8472EA0C1CA6582400285776 /* Database.m */,
			);
			path = Database;
			sourceTree = "<group>";
		};
		844623171CB39891007CC831 /* SWrevealView */ = {
			isa = PBXGroup;
			children = (
				844623181CB398B6007CC831 /* SWRevealViewController.h */,
				844623191CB398B6007CC831 /* SWRevealViewController.m */,
			);
			name = SWrevealView;
			path = SmtpLibrary/SWrevealView;
			sourceTree = "<group>";
		};
		844C89521CB0F9AB00AA0B52 /* Libraries */ = {
			isa = PBXGroup;
			children = (
				844D06381CCCDE2600B17A1F /* SBJson */,
				844D06341CCCD5AB00B17A1F /* Rechability */,
				844623171CB39891007CC831 /* SWrevealView */,
				844C89531CB0F9AB00AA0B52 /* MBProgressHUD */,
				844C89561CB0F9AB00AA0B52 /* SmtpLibrary */,
			);
			path = Libraries;
			sourceTree = "<group>";
		};
		844C89531CB0F9AB00AA0B52 /* MBProgressHUD */ = {
			isa = PBXGroup;
			children = (
				844C89541CB0F9AB00AA0B52 /* MBProgressHUD.h */,
				844C89551CB0F9AB00AA0B52 /* MBProgressHUD.m */,
			);
			path = MBProgressHUD;
			sourceTree = "<group>";
		};
		844C89561CB0F9AB00AA0B52 /* SmtpLibrary */ = {
			isa = PBXGroup;
			children = (
				844C89571CB0F9AB00AA0B52 /* Base64Transcoder.h */,
				844C89581CB0F9AB00AA0B52 /* Base64Transcoder.m */,
				844C89591CB0F9AB00AA0B52 /* HSK_CFUtilities.h */,
				844C895A1CB0F9AB00AA0B52 /* HSK_CFUtilities.m */,
				844C895B1CB0F9AB00AA0B52 /* NSData+Base64Additions.h */,
				844C895C1CB0F9AB00AA0B52 /* NSData+Base64Additions.m */,
				844C895D1CB0F9AB00AA0B52 /* NSStream+SKPSMTPExtensions.h */,
				844C895E1CB0F9AB00AA0B52 /* NSStream+SKPSMTPExtensions.m */,
				844C895F1CB0F9AB00AA0B52 /* SKPSMTPMessage.h */,
				844C89601CB0F9AB00AA0B52 /* SKPSMTPMessage.m */,
			);
			path = SmtpLibrary;
			sourceTree = "<group>";
		};
		844D06241CCCD39100B17A1F /* API Manager */ = {
			isa = PBXGroup;
			children = (
				844D06251CCCD39100B17A1F /* APIManager.h */,
				844D06261CCCD39100B17A1F /* APIManager.m */,
				844D06291CCCD39100B17A1F /* AppPreferences.h */,
				844D062A1CCCD39100B17A1F /* AppPreferences.m */,
				844D062D1CCCD39100B17A1F /* DownloadMetaDataJob.h */,
				844D062E1CCCD39100B17A1F /* DownloadMetaDataJob.m */,
			);
			path = "API Manager";
			sourceTree = "<group>";
		};
		844D06341CCCD5AB00B17A1F /* Rechability */ = {
			isa = PBXGroup;
			children = (
				844D06351CCCD5AB00B17A1F /* Reachability.h */,
				844D06361CCCD5AB00B17A1F /* Reachability.m */,
			);
			path = Rechability;
			sourceTree = "<group>";
		};
		844D06381CCCDE2600B17A1F /* SBJson */ = {
			isa = PBXGroup;
			children = (
				844D06391CCCDE2600B17A1F /* SBJson4.h */,
				844D063A1CCCDE2600B17A1F /* SBJson4Parser.h */,
				844D063B1CCCDE2600B17A1F /* SBJson4Parser.m */,
				844D063C1CCCDE2600B17A1F /* SBJson4StreamParser.h */,
				844D063D1CCCDE2600B17A1F /* SBJson4StreamParser.m */,
				844D063E1CCCDE2600B17A1F /* SBJson4StreamParserState.h */,
				844D063F1CCCDE2600B17A1F /* SBJson4StreamParserState.m */,
				844D06401CCCDE2600B17A1F /* SBJson4StreamTokeniser.h */,
				844D06411CCCDE2600B17A1F /* SBJson4StreamTokeniser.m */,
				844D06421CCCDE2600B17A1F /* SBJson4StreamWriter.h */,
				844D06431CCCDE2600B17A1F /* SBJson4StreamWriter.m */,
				844D06441CCCDE2600B17A1F /* SBJson4StreamWriterState.h */,
				844D06451CCCDE2600B17A1F /* SBJson4StreamWriterState.m */,
				844D06461CCCDE2600B17A1F /* SBJson4Writer.h */,
				844D06471CCCDE2600B17A1F /* SBJson4Writer.m */,
			);
			path = SBJson;
			sourceTree = "<group>";
		};
		84657E471CCB7BB900DC086E /* Constant */ = {
			isa = PBXGroup;
			children = (
				84657E481CCB7BB900DC086E /* Constants.h */,
			);
			path = Constant;
			sourceTree = "<group>";
		};
		8472EA0E1CA65D4500285776 /* ViewControllers */ = {
			isa = PBXGroup;
			children = (
				8446231B1CB3A0BD007CC831 /* SWMenuViewController.h */,
				8446231C1CB3A0BD007CC831 /* SWMenuViewController.m */,
				841F6D1F1C9D4BEC0082F7BE /* LoginViewController.h */,
				841F6D201C9D4BEC0082F7BE /* LoginViewController.m */,
				840374971CEDFB8700462602 /* CreateNewMOMViewController.h */,
				840374981CEDFB8700462602 /* CreateNewMOMViewController.m */,
				84F4F5121CE9EFE200AB91E9 /* MainTabBarViewController.h */,
				84F4F5131CE9EFE200AB91E9 /* MainTabBarViewController.m */,
				848547E71CA6AA6A00ABEFD0 /* HomeViewController.h */,
				848547E81CA6AA6A00ABEFD0 /* HomeViewController.m */,
				8432AD8E1CE467550011EF29 /* CompanyNamesViewController.h */,
				8432AD8F1CE467550011EF29 /* CompanyNamesViewController.m */,
				842B365A1CAA5282003D83D9 /* FeedcomQuerycomViewController.h */,
				842B365B1CAA5282003D83D9 /* FeedcomQuerycomViewController.m */,
				840374941CEDCA5700462602 /* CreateNewFeedbackViewController.h */,
				840374951CEDCA5700462602 /* CreateNewFeedbackViewController.m */,
				84B77EF61CAFB2E9008BC402 /* ComposeFeedbackOrQueryViewController.h */,
				84B77EF71CAFB2E9008BC402 /* ComposeFeedbackOrQueryViewController.m */,
				8411D4D51CF637D800EAACB6 /* DetailChatingViewController.h */,
				8411D4D61CF637D800EAACB6 /* DetailChatingViewController.m */,
				842BF6561CF467CE00613E29 /* ReportAndDocsViewController.h */,
				842BF6571CF467CE00613E29 /* ReportAndDocsViewController.m */,
			);
			name = ViewControllers;
			path = Controllers;
			sourceTree = "<group>";
		};
		84E003C61CC0BD9D00866CFF /* Categories */ = {
			isa = PBXGroup;
			children = (
				844C51391CA123E2001B4591 /* CALayer+BorderColor.h */,
				844C513A1CA123E3001B4591 /* CALayer+BorderColor.m */,
				84657E431CCB6A9E00DC086E /* UIColor+CommunicatorColor.h */,
				84657E441CCB6A9E00DC086E /* UIColor+CommunicatorColor.m */,
				84E003C71CC0BDCA00866CFF /* UIButton+buttonDesign.h */,
				84E003C81CC0BDCA00866CFF /* UIButton+buttonDesign.m */,
			);
			path = Categories;
			sourceTree = "<group>";
		};
		84F141561C9EB02E0022FA4F /* Models */ = {
			isa = PBXGroup;
			children = (
				844B754A1D0454CF00052698 /* CounterGraph.h */,
				844B754B1D0454CF00052698 /* CounterGraph.m */,
				84F141571C9EB07B0022FA4F /* Feedback.h */,
				84F141581C9EB07B0022FA4F /* Feedback.m */,
				84F1415D1C9EBE8F0022FA4F /* FeedbackType.h */,
				84F1415E1C9EBE8F0022FA4F /* FeedbackType.m */,
				84F141691C9EC5390022FA4F /* Operator.h */,
				84F1416A1C9EC5390022FA4F /* Operator.m */,
				84F141661C9EC13D0022FA4F /* User.h */,
				84F141671C9EC13D0022FA4F /* User.m */,
				84196B8E1CD62CB000F46A42 /* City.h */,
				84196B8F1CD62CB000F46A42 /* City.m */,
				844D76DF1CDCBD3900F65E55 /* FeedOrQueryMessageHeader.h */,
				844D76E01CDCBD3900F65E55 /* FeedOrQueryMessageHeader.m */,
				84196B9A1CD6303700F46A42 /* departmentTable.h */,
				84196B9B1CD6303700F46A42 /* departmentTable.m */,
				84196B9D1CD6306A00F46A42 /* dropboxReport.h */,
				84196B9E1CD6306A00F46A42 /* dropboxReport.m */,
				8434F0B81CFDB341003C56D7 /* CompanyFeedbackTypeAssociation.h */,
				8434F0B91CFDB341003C56D7 /* CompanyFeedbackTypeAssociation.m */,
				84196BAC1CD6336F00F46A42 /* UserdepartmentRole.h */,
				84196BAD1CD6336F00F46A42 /* UserdepartmentRole.m */,
				84196BA01CD630D400F46A42 /* Mom.h */,
				84196BA11CD630D400F46A42 /* Mom.m */,
				84196BA61CD631C300F46A42 /* Products.h */,
				84196BA71CD631C300F46A42 /* Products.m */,
				84196BA91CD6330700F46A42 /* Unit.h */,
				84196BAA1CD6330700F46A42 /* Unit.m */,
				84196BA31CD6316500F46A42 /* Permission.h */,
				841B1F7F1CFF36550038378A /* CompanyRelatedFeedQueryCounter.h */,
				841B1F801CFF36550038378A /* CompanyRelatedFeedQueryCounter.m */,
				84196BA41CD6316500F46A42 /* Permission.m */,
				84196BAF1CD6342C00F46A42 /* UserPermissionCompany.h */,
				84196BB01CD6342C00F46A42 /* UserPermissionCompany.m */,
				84196B941CD62E3B00F46A42 /* Customer.h */,
				84196B951CD62E3B00F46A42 /* Customer.m */,
				84196B971CD62FDB00F46A42 /* departmentPermission.h */,
				84196B981CD62FDB00F46A42 /* departmentPermission.m */,
				84196B911CD62D5200F46A42 /* ComapnyProfile.h */,
				84196B921CD62D5200F46A42 /* ComapnyProfile.m */,
				84F141631C9EC0910022FA4F /* QueryChatingCounter.h */,
				84F141641C9EC0910022FA4F /* QueryChatingCounter.m */,
				84196B8B1CD62A2A00F46A42 /* Status.h */,
				84196B8C1CD62A2A00F46A42 /* Status.m */,
				84F141601C9EBF260022FA4F /* Query.h */,
				84F141611C9EBF260022FA4F /* Query.m */,
				84B705221CD5D3500075AA9E /* FeedQueryCounter.h */,
				84B705231CD5D3500075AA9E /* FeedQueryCounter.m */,
				84196B881CD6273600F46A42 /* userRoll.h */,
				84196B891CD6273600F46A42 /* userRoll.m */,
				84196B851CD6269800F46A42 /* UserPermission.h */,
				84196B861CD6269800F46A42 /* UserPermission.m */,
				84B705251CD604540075AA9E /* Company.h */,
				84B705261CD604540075AA9E /* Company.m */,
				84F1415A1C9EB8840022FA4F /* FeedbackChatingCounter.h */,
				84F1415B1C9EB8840022FA4F /* FeedbackChatingCounter.m */,
			);
			path = Models;
			sourceTree = "<group>";
		};
/* End PBXGroup section */

/* Begin PBXNativeTarget section */
		841F6D151C9D4BEC0082F7BE /* Communicator */ = {
			isa = PBXNativeTarget;
			buildConfigurationList = 841F6D431C9D4BEC0082F7BE /* Build configuration list for PBXNativeTarget "Communicator" */;
			buildPhases = (
				841F6D121C9D4BEC0082F7BE /* Sources */,
				841F6D131C9D4BEC0082F7BE /* Frameworks */,
				841F6D141C9D4BEC0082F7BE /* Resources */,
			);
			buildRules = (
			);
			dependencies = (
			);
			name = Communicator;
			productName = Communicator;
			productReference = 841F6D161C9D4BEC0082F7BE /* Communicator.app */;
			productType = "com.apple.product-type.application";
		};
		841F6D2E1C9D4BEC0082F7BE /* CommunicatorTests */ = {
			isa = PBXNativeTarget;
			buildConfigurationList = 841F6D461C9D4BEC0082F7BE /* Build configuration list for PBXNativeTarget "CommunicatorTests" */;
			buildPhases = (
				841F6D2B1C9D4BEC0082F7BE /* Sources */,
				841F6D2C1C9D4BEC0082F7BE /* Frameworks */,
				841F6D2D1C9D4BEC0082F7BE /* Resources */,
			);
			buildRules = (
			);
			dependencies = (
				841F6D311C9D4BEC0082F7BE /* PBXTargetDependency */,
			);
			name = CommunicatorTests;
			productName = CommunicatorTests;
			productReference = 841F6D2F1C9D4BEC0082F7BE /* CommunicatorTests.xctest */;
			productType = "com.apple.product-type.bundle.unit-test";
		};
		841F6D391C9D4BEC0082F7BE /* CommunicatorUITests */ = {
			isa = PBXNativeTarget;
			buildConfigurationList = 841F6D491C9D4BEC0082F7BE /* Build configuration list for PBXNativeTarget "CommunicatorUITests" */;
			buildPhases = (
				841F6D361C9D4BEC0082F7BE /* Sources */,
				841F6D371C9D4BEC0082F7BE /* Frameworks */,
				841F6D381C9D4BEC0082F7BE /* Resources */,
			);
			buildRules = (
			);
			dependencies = (
				841F6D3C1C9D4BEC0082F7BE /* PBXTargetDependency */,
			);
			name = CommunicatorUITests;
			productName = CommunicatorUITests;
			productReference = 841F6D3A1C9D4BEC0082F7BE /* CommunicatorUITests.xctest */;
			productType = "com.apple.product-type.bundle.ui-testing";
		};
/* End PBXNativeTarget section */

/* Begin PBXProject section */
		841F6D0E1C9D4BEC0082F7BE /* Project object */ = {
			isa = PBXProject;
			attributes = {
				LastUpgradeCheck = 0720;
				ORGANIZATIONNAME = Xanadutec;
				TargetAttributes = {
					841F6D151C9D4BEC0082F7BE = {
						CreatedOnToolsVersion = 7.2;
					};
					841F6D2E1C9D4BEC0082F7BE = {
						CreatedOnToolsVersion = 7.2;
						TestTargetID = 841F6D151C9D4BEC0082F7BE;
					};
					841F6D391C9D4BEC0082F7BE = {
						CreatedOnToolsVersion = 7.2;
						TestTargetID = 841F6D151C9D4BEC0082F7BE;
					};
				};
			};
			buildConfigurationList = 841F6D111C9D4BEC0082F7BE /* Build configuration list for PBXProject "Communicator" */;
			compatibilityVersion = "Xcode 3.2";
			developmentRegion = English;
			hasScannedForEncodings = 0;
			knownRegions = (
				en,
				Base,
			);
			mainGroup = 841F6D0D1C9D4BEC0082F7BE;
			productRefGroup = 841F6D171C9D4BEC0082F7BE /* Products */;
			projectDirPath = "";
			projectRoot = "";
			targets = (
				841F6D151C9D4BEC0082F7BE /* Communicator */,
				841F6D2E1C9D4BEC0082F7BE /* CommunicatorTests */,
				841F6D391C9D4BEC0082F7BE /* CommunicatorUITests */,
			);
		};
/* End PBXProject section */

/* Begin PBXResourcesBuildPhase section */
		841F6D141C9D4BEC0082F7BE /* Resources */ = {
			isa = PBXResourcesBuildPhase;
			buildActionMask = 2147483647;
			files = (
				844177331CA5749E00C850B0 /* Communicator_DB.sqlite in Resources */,
				841F6D291C9D4BEC0082F7BE /* LaunchScreen.storyboard in Resources */,
				844623201CB3A532007CC831 /* Main.storyboard in Resources */,
				842784E61CBB7E6C0072893C /* Settings.plist in Resources */,
				84AF76FC1D0065CE00F381B4 /* Assets.xcassets in Resources */,
			);
			runOnlyForDeploymentPostprocessing = 0;
		};
		841F6D2D1C9D4BEC0082F7BE /* Resources */ = {
			isa = PBXResourcesBuildPhase;
			buildActionMask = 2147483647;
			files = (
			);
			runOnlyForDeploymentPostprocessing = 0;
		};
		841F6D381C9D4BEC0082F7BE /* Resources */ = {
			isa = PBXResourcesBuildPhase;
			buildActionMask = 2147483647;
			files = (
			);
			runOnlyForDeploymentPostprocessing = 0;
		};
/* End PBXResourcesBuildPhase section */

/* Begin PBXSourcesBuildPhase section */
		841F6D121C9D4BEC0082F7BE /* Sources */ = {
			isa = PBXSourcesBuildPhase;
			buildActionMask = 2147483647;
			files = (
				844C89631CB0F9AB00AA0B52 /* HSK_CFUtilities.m in Sources */,
				848547E91CA6AA6A00ABEFD0 /* HomeViewController.m in Sources */,
				844C89621CB0F9AB00AA0B52 /* Base64Transcoder.m in Sources */,
				84F1415F1C9EBE8F0022FA4F /* FeedbackType.m in Sources */,
				84657E451CCB6A9E00DC086E /* UIColor+CommunicatorColor.m in Sources */,
				84196BA51CD6316500F46A42 /* Permission.m in Sources */,
				84196B8A1CD6273600F46A42 /* userRoll.m in Sources */,
				84196B9C1CD6303700F46A42 /* departmentTable.m in Sources */,
				844D064D1CCCDE2600B17A1F /* SBJson4StreamWriterState.m in Sources */,
				8472EA0D1CA6582400285776 /* Database.m in Sources */,
				84196BA21CD630D400F46A42 /* Mom.m in Sources */,
				84E003C91CC0BDCA00866CFF /* UIButton+buttonDesign.m in Sources */,
				841F6D211C9D4BEC0082F7BE /* LoginViewController.m in Sources */,
				84F141681C9EC13D0022FA4F /* User.m in Sources */,
				844D76E11CDCBD3900F65E55 /* FeedOrQueryMessageHeader.m in Sources */,
				84196B961CD62E3B00F46A42 /* Customer.m in Sources */,
				841F6D1E1C9D4BEC0082F7BE /* AppDelegate.m in Sources */,
				844D06491CCCDE2600B17A1F /* SBJson4StreamParser.m in Sources */,
				844D06371CCCD5AB00B17A1F /* Reachability.m in Sources */,
				844C89661CB0F9AB00AA0B52 /* SKPSMTPMessage.m in Sources */,
				84196B9F1CD6306A00F46A42 /* dropboxReport.m in Sources */,
				84F4F5141CE9EFE200AB91E9 /* MainTabBarViewController.m in Sources */,
				842B365C1CAA5282003D83D9 /* FeedcomQuerycomViewController.m in Sources */,
				842BF6581CF467CE00613E29 /* ReportAndDocsViewController.m in Sources */,
				844D064E1CCCDE2600B17A1F /* SBJson4Writer.m in Sources */,
				844C89651CB0F9AB00AA0B52 /* NSStream+SKPSMTPExtensions.m in Sources */,
				841B1F811CFF36550038378A /* CompanyRelatedFeedQueryCounter.m in Sources */,
				844D064B1CCCDE2600B17A1F /* SBJson4StreamTokeniser.m in Sources */,
				84F141591C9EB07B0022FA4F /* Feedback.m in Sources */,
				8411D4D71CF637D800EAACB6 /* DetailChatingViewController.m in Sources */,
				84196BA81CD631C300F46A42 /* Products.m in Sources */,
				844D06311CCCD39100B17A1F /* AppPreferences.m in Sources */,
				844D064A1CCCDE2600B17A1F /* SBJson4StreamParserState.m in Sources */,
				844D064C1CCCDE2600B17A1F /* SBJson4StreamWriter.m in Sources */,
				844D06331CCCD39100B17A1F /* DownloadMetaDataJob.m in Sources */,
				844B754C1D0454CF00052698 /* CounterGraph.m in Sources */,
				84B77EF81CAFB2E9008BC402 /* ComposeFeedbackOrQueryViewController.m in Sources */,
				84F141651C9EC0910022FA4F /* QueryChatingCounter.m in Sources */,
				84196B901CD62CB000F46A42 /* City.m in Sources */,
				84196B8D1CD62A2A00F46A42 /* Status.m in Sources */,
				84F141621C9EBF260022FA4F /* Query.m in Sources */,
				84B705241CD5D3500075AA9E /* FeedQueryCounter.m in Sources */,
				84196BAE1CD6336F00F46A42 /* UserdepartmentRole.m in Sources */,
				8446231D1CB3A0BD007CC831 /* SWMenuViewController.m in Sources */,
				844C89641CB0F9AB00AA0B52 /* NSData+Base64Additions.m in Sources */,
				8434F0BA1CFDB341003C56D7 /* CompanyFeedbackTypeAssociation.m in Sources */,
				840374991CEDFB8700462602 /* CreateNewMOMViewController.m in Sources */,
				84F1415C1C9EB8840022FA4F /* FeedbackChatingCounter.m in Sources */,
				84196BAB1CD6330700F46A42 /* Unit.m in Sources */,
				84196B931CD62D5200F46A42 /* ComapnyProfile.m in Sources */,
				8432AD901CE467550011EF29 /* CompanyNamesViewController.m in Sources */,
				841F6D1B1C9D4BEC0082F7BE /* main.m in Sources */,
				84196B991CD62FDB00F46A42 /* departmentPermission.m in Sources */,
				844D06481CCCDE2600B17A1F /* SBJson4Parser.m in Sources */,
				84196B871CD6269800F46A42 /* UserPermission.m in Sources */,
				84F1416B1C9EC5390022FA4F /* Operator.m in Sources */,
				844D062F1CCCD39100B17A1F /* APIManager.m in Sources */,
				8446231A1CB398B6007CC831 /* SWRevealViewController.m in Sources */,
				84196BB11CD6342C00F46A42 /* UserPermissionCompany.m in Sources */,
				844C513B1CA123E3001B4591 /* CALayer+BorderColor.m in Sources */,
				844C89611CB0F9AB00AA0B52 /* MBProgressHUD.m in Sources */,
				840374961CEDCA5700462602 /* CreateNewFeedbackViewController.m in Sources */,
				84B705271CD604540075AA9E /* Company.m in Sources */,
			);
			runOnlyForDeploymentPostprocessing = 0;
		};
		841F6D2B1C9D4BEC0082F7BE /* Sources */ = {
			isa = PBXSourcesBuildPhase;
			buildActionMask = 2147483647;
			files = (
				841F6D341C9D4BEC0082F7BE /* CommunicatorTests.m in Sources */,
			);
			runOnlyForDeploymentPostprocessing = 0;
		};
		841F6D361C9D4BEC0082F7BE /* Sources */ = {
			isa = PBXSourcesBuildPhase;
			buildActionMask = 2147483647;
			files = (
				841F6D3F1C9D4BEC0082F7BE /* CommunicatorUITests.m in Sources */,
			);
			runOnlyForDeploymentPostprocessing = 0;
		};
/* End PBXSourcesBuildPhase section */

/* Begin PBXTargetDependency section */
		841F6D311C9D4BEC0082F7BE /* PBXTargetDependency */ = {
			isa = PBXTargetDependency;
			target = 841F6D151C9D4BEC0082F7BE /* Communicator */;
			targetProxy = 841F6D301C9D4BEC0082F7BE /* PBXContainerItemProxy */;
		};
		841F6D3C1C9D4BEC0082F7BE /* PBXTargetDependency */ = {
			isa = PBXTargetDependency;
			target = 841F6D151C9D4BEC0082F7BE /* Communicator */;
			targetProxy = 841F6D3B1C9D4BEC0082F7BE /* PBXContainerItemProxy */;
		};
/* End PBXTargetDependency section */

/* Begin PBXVariantGroup section */
		841F6D271C9D4BEC0082F7BE /* LaunchScreen.storyboard */ = {
			isa = PBXVariantGroup;
			children = (
				841F6D281C9D4BEC0082F7BE /* Base */,
			);
			name = LaunchScreen.storyboard;
			sourceTree = "<group>";
		};
		8446231E1CB3A532007CC831 /* Main.storyboard */ = {
			isa = PBXVariantGroup;
			children = (
				8446231F1CB3A532007CC831 /* Base */,
			);
			name = Main.storyboard;
			sourceTree = "<group>";
		};
/* End PBXVariantGroup section */

/* Begin XCBuildConfiguration section */
		841F6D411C9D4BEC0082F7BE /* Debug */ = {
			isa = XCBuildConfiguration;
			buildSettings = {
				ALWAYS_SEARCH_USER_PATHS = NO;
				CLANG_CXX_LANGUAGE_STANDARD = "gnu++0x";
				CLANG_CXX_LIBRARY = "libc++";
				CLANG_ENABLE_MODULES = YES;
				CLANG_ENABLE_OBJC_ARC = YES;
				CLANG_WARN_BOOL_CONVERSION = YES;
				CLANG_WARN_CONSTANT_CONVERSION = YES;
				CLANG_WARN_DIRECT_OBJC_ISA_USAGE = YES_ERROR;
				CLANG_WARN_EMPTY_BODY = YES;
				CLANG_WARN_ENUM_CONVERSION = YES;
				CLANG_WARN_INT_CONVERSION = YES;
				CLANG_WARN_OBJC_ROOT_CLASS = YES_ERROR;
				CLANG_WARN_UNREACHABLE_CODE = YES;
				CLANG_WARN__DUPLICATE_METHOD_MATCH = YES;
				"CODE_SIGN_IDENTITY[sdk=iphoneos*]" = "iPhone Developer";
				COPY_PHASE_STRIP = NO;
				DEBUG_INFORMATION_FORMAT = dwarf;
				ENABLE_STRICT_OBJC_MSGSEND = YES;
				ENABLE_TESTABILITY = YES;
				GCC_C_LANGUAGE_STANDARD = gnu99;
				GCC_DYNAMIC_NO_PIC = NO;
				GCC_NO_COMMON_BLOCKS = YES;
				GCC_OPTIMIZATION_LEVEL = 0;
				GCC_PRECOMPILE_PREFIX_HEADER = YES;
				GCC_PREPROCESSOR_DEFINITIONS = (
					"DEBUG=1",
					"$(inherited)",
				);
				GCC_WARN_64_TO_32_BIT_CONVERSION = YES;
				GCC_WARN_ABOUT_RETURN_TYPE = YES_ERROR;
				GCC_WARN_UNDECLARED_SELECTOR = YES;
				GCC_WARN_UNINITIALIZED_AUTOS = YES_AGGRESSIVE;
				GCC_WARN_UNUSED_FUNCTION = YES;
				GCC_WARN_UNUSED_VARIABLE = YES;
				IPHONEOS_DEPLOYMENT_TARGET = 9.2;
				MTL_ENABLE_DEBUG_INFO = YES;
				ONLY_ACTIVE_ARCH = YES;
				SDKROOT = iphoneos;
				TARGETED_DEVICE_FAMILY = "1,2";
			};
			name = Debug;
		};
		841F6D421C9D4BEC0082F7BE /* Release */ = {
			isa = XCBuildConfiguration;
			buildSettings = {
				ALWAYS_SEARCH_USER_PATHS = NO;
				CLANG_CXX_LANGUAGE_STANDARD = "gnu++0x";
				CLANG_CXX_LIBRARY = "libc++";
				CLANG_ENABLE_MODULES = YES;
				CLANG_ENABLE_OBJC_ARC = YES;
				CLANG_WARN_BOOL_CONVERSION = YES;
				CLANG_WARN_CONSTANT_CONVERSION = YES;
				CLANG_WARN_DIRECT_OBJC_ISA_USAGE = YES_ERROR;
				CLANG_WARN_EMPTY_BODY = YES;
				CLANG_WARN_ENUM_CONVERSION = YES;
				CLANG_WARN_INT_CONVERSION = YES;
				CLANG_WARN_OBJC_ROOT_CLASS = YES_ERROR;
				CLANG_WARN_UNREACHABLE_CODE = YES;
				CLANG_WARN__DUPLICATE_METHOD_MATCH = YES;
				"CODE_SIGN_IDENTITY[sdk=iphoneos*]" = "iPhone Developer";
				COPY_PHASE_STRIP = NO;
				DEBUG_INFORMATION_FORMAT = "dwarf-with-dsym";
				ENABLE_NS_ASSERTIONS = NO;
				ENABLE_STRICT_OBJC_MSGSEND = YES;
				GCC_C_LANGUAGE_STANDARD = gnu99;
				GCC_NO_COMMON_BLOCKS = YES;
				GCC_PRECOMPILE_PREFIX_HEADER = YES;
				GCC_WARN_64_TO_32_BIT_CONVERSION = YES;
				GCC_WARN_ABOUT_RETURN_TYPE = YES_ERROR;
				GCC_WARN_UNDECLARED_SELECTOR = YES;
				GCC_WARN_UNINITIALIZED_AUTOS = YES_AGGRESSIVE;
				GCC_WARN_UNUSED_FUNCTION = YES;
				GCC_WARN_UNUSED_VARIABLE = YES;
				IPHONEOS_DEPLOYMENT_TARGET = 9.2;
				MTL_ENABLE_DEBUG_INFO = NO;
				SDKROOT = iphoneos;
				TARGETED_DEVICE_FAMILY = "1,2";
				VALIDATE_PRODUCT = YES;
			};
			name = Release;
		};
		841F6D441C9D4BEC0082F7BE /* Debug */ = {
			isa = XCBuildConfiguration;
			buildSettings = {
				ASSETCATALOG_COMPILER_APPICON_NAME = AppIcon;
				GCC_PRECOMPILE_PREFIX_HEADER = YES;
				GCC_PREFIX_HEADER = "$(SRCROOT)/PrefixHeader.pch";
				INFOPLIST_FILE = Communicator/Info.plist;
				LD_RUNPATH_SEARCH_PATHS = "$(inherited) @executable_path/Frameworks";
				PRODUCT_BUNDLE_IDENTIFIER = xana.Communicator;
				PRODUCT_NAME = "$(TARGET_NAME)";
			};
			name = Debug;
		};
		841F6D451C9D4BEC0082F7BE /* Release */ = {
			isa = XCBuildConfiguration;
			buildSettings = {
				ASSETCATALOG_COMPILER_APPICON_NAME = AppIcon;
				GCC_PRECOMPILE_PREFIX_HEADER = YES;
				GCC_PREFIX_HEADER = "$(SRCROOT)/PrefixHeader.pch";
				INFOPLIST_FILE = Communicator/Info.plist;
				LD_RUNPATH_SEARCH_PATHS = "$(inherited) @executable_path/Frameworks";
				PRODUCT_BUNDLE_IDENTIFIER = xana.Communicator;
				PRODUCT_NAME = "$(TARGET_NAME)";
			};
			name = Release;
		};
		841F6D471C9D4BEC0082F7BE /* Debug */ = {
			isa = XCBuildConfiguration;
			buildSettings = {
				BUNDLE_LOADER = "$(TEST_HOST)";
				INFOPLIST_FILE = CommunicatorTests/Info.plist;
				LD_RUNPATH_SEARCH_PATHS = "$(inherited) @executable_path/Frameworks @loader_path/Frameworks";
				PRODUCT_BUNDLE_IDENTIFIER = xana.CommunicatorTests;
				PRODUCT_NAME = "$(TARGET_NAME)";
				TEST_HOST = "$(BUILT_PRODUCTS_DIR)/Communicator.app/Communicator";
			};
			name = Debug;
		};
		841F6D481C9D4BEC0082F7BE /* Release */ = {
			isa = XCBuildConfiguration;
			buildSettings = {
				BUNDLE_LOADER = "$(TEST_HOST)";
				INFOPLIST_FILE = CommunicatorTests/Info.plist;
				LD_RUNPATH_SEARCH_PATHS = "$(inherited) @executable_path/Frameworks @loader_path/Frameworks";
				PRODUCT_BUNDLE_IDENTIFIER = xana.CommunicatorTests;
				PRODUCT_NAME = "$(TARGET_NAME)";
				TEST_HOST = "$(BUILT_PRODUCTS_DIR)/Communicator.app/Communicator";
			};
			name = Release;
		};
		841F6D4A1C9D4BEC0082F7BE /* Debug */ = {
			isa = XCBuildConfiguration;
			buildSettings = {
				INFOPLIST_FILE = CommunicatorUITests/Info.plist;
				LD_RUNPATH_SEARCH_PATHS = "$(inherited) @executable_path/Frameworks @loader_path/Frameworks";
				PRODUCT_BUNDLE_IDENTIFIER = xana.CommunicatorUITests;
				PRODUCT_NAME = "$(TARGET_NAME)";
				TEST_TARGET_NAME = Communicator;
				USES_XCTRUNNER = YES;
			};
			name = Debug;
		};
		841F6D4B1C9D4BEC0082F7BE /* Release */ = {
			isa = XCBuildConfiguration;
			buildSettings = {
				INFOPLIST_FILE = CommunicatorUITests/Info.plist;
				LD_RUNPATH_SEARCH_PATHS = "$(inherited) @executable_path/Frameworks @loader_path/Frameworks";
				PRODUCT_BUNDLE_IDENTIFIER = xana.CommunicatorUITests;
				PRODUCT_NAME = "$(TARGET_NAME)";
				TEST_TARGET_NAME = Communicator;
				USES_XCTRUNNER = YES;
			};
			name = Release;
		};
/* End XCBuildConfiguration section */

/* Begin XCConfigurationList section */
		841F6D111C9D4BEC0082F7BE /* Build configuration list for PBXProject "Communicator" */ = {
			isa = XCConfigurationList;
			buildConfigurations = (
				841F6D411C9D4BEC0082F7BE /* Debug */,
				841F6D421C9D4BEC0082F7BE /* Release */,
			);
			defaultConfigurationIsVisible = 0;
			defaultConfigurationName = Release;
		};
		841F6D431C9D4BEC0082F7BE /* Build configuration list for PBXNativeTarget "Communicator" */ = {
			isa = XCConfigurationList;
			buildConfigurations = (
				841F6D441C9D4BEC0082F7BE /* Debug */,
				841F6D451C9D4BEC0082F7BE /* Release */,
			);
			defaultConfigurationIsVisible = 0;
			defaultConfigurationName = Release;
		};
		841F6D461C9D4BEC0082F7BE /* Build configuration list for PBXNativeTarget "CommunicatorTests" */ = {
			isa = XCConfigurationList;
			buildConfigurations = (
				841F6D471C9D4BEC0082F7BE /* Debug */,
				841F6D481C9D4BEC0082F7BE /* Release */,
			);
			defaultConfigurationIsVisible = 0;
			defaultConfigurationName = Release;
		};
		841F6D491C9D4BEC0082F7BE /* Build configuration list for PBXNativeTarget "CommunicatorUITests" */ = {
			isa = XCConfigurationList;
			buildConfigurations = (
				841F6D4A1C9D4BEC0082F7BE /* Debug */,
				841F6D4B1C9D4BEC0082F7BE /* Release */,
			);
			defaultConfigurationIsVisible = 0;
			defaultConfigurationName = Release;
		};
/* End XCConfigurationList section */
	};
	rootObject = 841F6D0E1C9D4BEC0082F7BE /* Project object */;
}
